
Microsoft Visual Studio Solution File, Format Version 12.00
# Visual Studio 15
VisualStudioVersion = 15.0.27428.2043
MinimumVisualStudioVersion = 10.0.40219.1
Project("{FAE04EC0-301F-11D3-BF4B-00C04F79EFBC}") = "VideoLocadora", "VideoLocadora\VideoLocadora.csproj", "{5A1AFBDD-E77F-4BA1-B3DC-2E5FC60A982C}"
EndProject
Project("{FAE04EC0-301F-11D3-BF4B-00C04F79EFBC}") = "RepositoryEntity", "RepositoryEntity\RepositoryEntity.csproj", "{052F3F05-318F-4FC7-966C-572D001CD2CC}"
EndProject
Project("{FAE04EC0-301F-11D3-BF4B-00C04F79EFBC}") = "RepositoryDapper", "RepositoryDapper\RepositoryDapper.csproj", "{2B9B70FA-6FFA-46CC-9C18-B68823F5AF90}"
EndProject
Global
	GlobalSection(SolutionConfigurationPlatforms) = preSolution
		Debug|Any CPU = Debug|Any CPU
		Release|Any CPU = Release|Any CPU
	EndGlobalSection
	GlobalSection(ProjectConfigurationPlatforms) = postSolution
		{5A1AFBDD-E77F-4BA1-B3DC-2E5FC60A982C}.Debug|Any CPU.ActiveCfg = Debug|Any CPU
		{5A1AFBDD-E77F-4BA1-B3DC-2E5FC60A982C}.Debug|Any CPU.Build.0 = Debug|Any CPU
		{5A1AFBDD-E77F-4BA1-B3DC-2E5FC60A982C}.Release|Any CPU.ActiveCfg = Release|Any CPU
		{5A1AFBDD-E77F-4BA1-B3DC-2E5FC60A982C}.Release|Any CPU.Build.0 = Release|Any CPU
		{052F3F05-318F-4FC7-966C-572D001CD2CC}.Debug|Any CPU.ActiveCfg = Debug|Any CPU
		{052F3F05-318F-4FC7-966C-572D001CD2CC}.Debug|Any CPU.Build.0 = Debug|Any CPU
		{052F3F05-318F-4FC7-966C-572D001CD2CC}.Release|Any CPU.ActiveCfg = Release|Any CPU
		{052F3F05-318F-4FC7-966C-572D001CD2CC}.Release|Any CPU.Build.0 = Release|Any CPU
		{2B9B70FA-6FFA-46CC-9C18-B68823F5AF90}.Debug|Any CPU.ActiveCfg = Debug|Any CPU
		{2B9B70FA-6FFA-46CC-9C18-B68823F5AF90}.Debug|Any CPU.Build.0 = Debug|Any CPU
		{2B9B70FA-6FFA-46CC-9C18-B68823F5AF90}.Release|Any CPU.ActiveCfg = Release|Any CPU
		{2B9B70FA-6FFA-46CC-9C18-B68823F5AF90}.Release|Any CPU.Build.0 = Release|Any CPU
	EndGlobalSection
	GlobalSection(SolutionProperties) = preSolution
		HideSolutionNode = FALSE
	EndGlobalSection
	GlobalSection(ExtensibilityGlobals) = postSolution
		SolutionGuid = {4E915A62-3F81-4C64-B680-B2E19F88B151}
	EndGlobalSection
EndGlobal
